{
  "name": "smart-grid",
  "lockfileVersion": 2,
  "requires": true,
  "packages": {
    "": {
      "dependencies": {
        "solidity-string-utils": "^0.0.7"
      }
    },
    "node_modules/solidity-string-utils": {
      "version": "0.0.7",
      "resolved": "https://registry.npmjs.org/solidity-string-utils/-/solidity-string-utils-0.0.7.tgz",
      "integrity": "sha512-DTZtoxy5C1Di8GbP/tepnB7wHYYpFuAArpDcetiC/sLMbF2BM/YvGpGNS7nfGmP46e8H/dgBRx7JgQkkJlb7AQ=="
    }
  },
  "dependencies": {
    "solidity-string-utils": {
      "version": "0.0.7",
      "resolved": "https://registry.npmjs.org/solidity-string-utils/-/solidity-string-utils-0.0.7.tgz",
      "integrity": "sha512-DTZtoxy5C1Di8GbP/tepnB7wHYYpFuAArpDcetiC/sLMbF2BM/YvGpGNS7nfGmP46e8H/dgBRx7JgQkkJlb7AQ=="
    }
  }
}
